
Microsoft Visual Studio Solution File, Format Version 12.00
# Visual Studio Version 16
VisualStudioVersion = 16.0.30503.244
MinimumVisualStudioVersion = 10.0.40219.1
Project("{FAE04EC0-301F-11D3-BF4B-00C04F79EFBC}") = "SudokuNanpure", "SudokuNanpure\SudokuNanpure.csproj", "{69546DC0-6D07-4A12-9653-8DE70C07C2C7}"
EndProject
Global
	GlobalSection(SolutionConfigurationPlatforms) = preSolution
		Debug|Any CPU = Debug|Any CPU
		Release|Any CPU = Release|Any CPU
	EndGlobalSection
	GlobalSection(ProjectConfigurationPlatforms) = postSolution
		{69546DC0-6D07-4A12-9653-8DE70C07C2C7}.Debug|Any CPU.ActiveCfg = Debug|Any CPU
		{69546DC0-6D07-4A12-9653-8DE70C07C2C7}.Debug|Any CPU.Build.0 = Debug|Any CPU
		{69546DC0-6D07-4A12-9653-8DE70C07C2C7}.Release|Any CPU.ActiveCfg = Release|Any CPU
		{69546DC0-6D07-4A12-9653-8DE70C07C2C7}.Release|Any CPU.Build.0 = Release|Any CPU
	EndGlobalSection
	GlobalSection(SolutionProperties) = preSolution
		HideSolutionNode = FALSE
	EndGlobalSection
	GlobalSection(ExtensibilityGlobals) = postSolution
		SolutionGuid = {B33E6E6A-C179-485D-920C-7E291C8CD53C}
	EndGlobalSection
EndGlobal
